// !$*UTF8*$!
{
	archiveVersion = 1;
	classes = {
	};
	objectVersion = 46;
	objects = {

/* Begin PBXBuildFile section */
		20040C141DE2B9A500A150AB /* AppDelegate.swift in Sources */ = {isa = PBXBuildFile; fileRef = 20040C131DE2B9A500A150AB /* AppDelegate.swift */; };
		20040C161DE2B9A500A150AB /* ViewController.swift in Sources */ = {isa = PBXBuildFile; fileRef = 20040C151DE2B9A500A150AB /* ViewController.swift */; };
		20040C191DE2B9A500A150AB /* Main.storyboard in Resources */ = {isa = PBXBuildFile; fileRef = 20040C171DE2B9A500A150AB /* Main.storyboard */; };
		20040C1B1DE2B9A500A150AB /* Assets.xcassets in Resources */ = {isa = PBXBuildFile; fileRef = 20040C1A1DE2B9A500A150AB /* Assets.xcassets */; };
		20040C1E1DE2B9A500A150AB /* LaunchScreen.storyboard in Resources */ = {isa = PBXBuildFile; fileRef = 20040C1C1DE2B9A500A150AB /* LaunchScreen.storyboard */; };
/* End PBXBuildFile section */

/* Begin PBXFileReference section */
		20040C101DE2B9A500A150AB /* HellowiOS.app */ = {isa = PBXFileReference; explicitFileType = wrapper.application; includeInIndex = 0; path = HellowiOS.app; sourceTree = BUILT_PRODUCTS_DIR; };
		20040C131DE2B9A500A150AB /* AppDelegate.swift */ = {isa = PBXFileReference; lastKnownFileType = sourcecode.swift; path = AppDelegate.swift; sourceTree = "<group>"; };
		20040C151DE2B9A500A150AB /* ViewController.swift */ = {isa = PBXFileReference; lastKnownFileType = sourcecode.swift; path = ViewController.swift; sourceTree = "<group>"; };
		20040C181DE2B9A500A150AB /* Base */ = {isa = PBXFileReference; lastKnownFileType = file.storyboard; name = Base; path = Base.lproj/Main.storyboard; sourceTree = "<group>"; };
		20040C1A1DE2B9A500A150AB /* Assets.xcassets */ = {isa = PBXFileReference; lastKnownFileType = folder.assetcatalog; path = Assets.xcassets; sourceTree = "<group>"; };
		20040C1D1DE2B9A500A150AB /* Base */ = {isa = PBXFileReference; lastKnownFileType = file.storyboard; name = Base; path = Base.lproj/LaunchScreen.storyboard; sourceTree = "<group>"; };
		20040C1F1DE2B9A500A150AB /* Info.plist */ = {isa = PBXFileReference; lastKnownFileType = text.plist.xml; path = Info.plist; sourceTree = "<group>"; };
/* End PBXFileReference section */

/* Begin PBXFrameworksBuildPhase section */
		20040C0D1DE2B9A500A150AB /* Frameworks */ = {
			isa = PBXFrameworksBuildPhase;
			buildActionMask = 2147483647;
			files = (
			);
			runOnlyForDeploymentPostprocessing = 0;
		};
/* End PBXFrameworksBuildPhase section */

/* Begin PBXGroup section */
		20040C071DE2B9A500A150AB = {
			isa = PBXGroup;
			children = (
				20040C121DE2B9A500A150AB /* HellowiOS */,
				20040C111DE2B9A500A150AB /* Products */,
			);
			sourceTree = "<group>";
		};
		20040C111DE2B9A500A150AB /* Products */ = {
			isa = PBXGroup;
			children = (
				20040C101DE2B9A500A150AB /* HellowiOS.app */,
			);
			name = Products;
			sourceTree = "<group>";
		};
		20040C121DE2B9A500A150AB /* HellowiOS */ = {
			isa = PBXGroup;
			children = (
				20040C131DE2B9A500A150AB /* AppDelegate.swift */,
				20040C151DE2B9A500A150AB /* ViewController.swift */,
				20040C171DE2B9A500A150AB /* Main.storyboard */,
				20040C1A1DE2B9A500A150AB /* Assets.xcassets */,
				20040C1C1DE2B9A500A150AB /* LaunchScreen.storyboard */,
				20040C1F1DE2B9A500A150AB /* Info.plist */,
			);
			path = HellowiOS;
			sourceTree = "<group>";
		};
/* End PBXGroup section */

/* Begin PBXNativeTarget section */
		20040C0F1DE2B9A500A150AB /* HellowiOS */ = {
			isa = PBXNativeTarget;
			buildConfigurationList = 20040C221DE2B9A500A150AB /* Build configuration list for PBXNativeTarget "HellowiOS" */;
			buildPhases = (
				20040C0C1DE2B9A500A150AB /* Sources */,
				20040C0D1DE2B9A500A150AB /* Frameworks */,
				20040C0E1DE2B9A500A150AB /* Resources */,
			);
			buildRules = (
			);
			dependencies = (
			);
			name = HellowiOS;
			productName = HellowiOS;
			productReference = 20040C101DE2B9A500A150AB /* HellowiOS.app */;
			productType = "com.apple.product-type.application";
		};
/* End PBXNativeTarget section */

/* Begin PBXProject section */
		20040C081DE2B9A500A150AB /* Project object */ = {
			isa = PBXProject;
			attributes = {
				LastSwiftUpdateCheck = 0810;
				LastUpgradeCheck = 0810;
				ORGANIZATIONNAME = shinji.uetsuki;
				TargetAttributes = {
					20040C0F1DE2B9A500A150AB = {
						CreatedOnToolsVersion = 8.1;
						ProvisioningStyle = Automatic;
					};
				};
			};
			buildConfigurationList = 20040C0B1DE2B9A500A150AB /* Build configuration list for PBXProject "HellowiOS" */;
			compatibilityVersion = "Xcode 3.2";
			developmentRegion = English;
			hasScannedForEncodings = 0;
			knownRegions = (
				en,
				Base,
			);
			mainGroup = 20040C071DE2B9A500A150AB;
			productRefGroup = 20040C111DE2B9A500A150AB /* Products */;
			projectDirPath = "";
			projectRoot = "";
			targets = (
				20040C0F1DE2B9A500A150AB /* HellowiOS */,
			);
		};
/* End PBXProject section */

/* Begin PBXResourcesBuildPhase section */
		20040C0E1DE2B9A500A150AB /* Resources */ = {
			isa = PBXResourcesBuildPhase;
			buildActionMask = 2147483647;
			files = (
				20040C1E1DE2B9A500A150AB /* LaunchScreen.storyboard in Resources */,
				20040C1B1DE2B9A500A150AB /* Assets.xcassets in Resources */,
				20040C191DE2B9A500A150AB /* Main.storyboard in Resources */,
			);
			runOnlyForDeploymentPostprocessing = 0;
		};
/* End PBXResourcesBuildPhase section */

/* Begin PBXSourcesBuildPhase section */
		20040C0C1DE2B9A500A150AB /* Sources */ = {
			isa = PBXSourcesBuildPhase;
			buildActionMask = 2147483647;
			files = (
				20040C161DE2B9A500A150AB /* ViewController.swift in Sources */,
				20040C141DE2B9A500A150AB /* AppDelegate.swift in Sources */,
			);
			runOnlyForDeploymentPostprocessing = 0;
		};
/* End PBXSourcesBuildPhase section */

/* Begin PBXVariantGroup section */
		20040C171DE2B9A500A150AB /* Main.storyboard */ = {
			isa = PBXVariantGroup;
			children = (
				20040C181DE2B9A500A150AB /* Base */,
			);
			name = Main.storyboard;
			sourceTree = "<group>";
		};
		20040C1C1DE2B9A500A150AB /* LaunchScreen.storyboard */ = {
			isa = PBXVariantGroup;
			children = (
				20040C1D1DE2B9A500A150AB /* Base */,
			);
			name = LaunchScreen.storyboard;
			sourceTree = "<group>";
		};
/* End PBXVariantGroup section */

/* Begin XCBuildConfiguration section */
		20040C201DE2B9A500A150AB /* Debug */ = {
			isa = XCBuildConfiguration;
			buildSettings = {
				ALWAYS_SEARCH_USER_PATHS = NO;
				CLANG_ANALYZER_NONNULL = YES;
				CLANG_CXX_LANGUAGE_STANDARD = "gnu++0x";
				CLANG_CXX_LIBRARY = "libc++";
				CLANG_ENABLE_MODULES = YES;
				CLANG_ENABLE_OBJC_ARC = YES;
				CLANG_WARN_BOOL_CONVERSION = YES;
				CLANG_WARN_CONSTANT_CONVERSION = YES;
				CLANG_WARN_DIRECT_OBJC_ISA_USAGE = YES_ERROR;
				CLANG_WARN_DOCUMENTATION_COMMENTS = YES;
				CLANG_WARN_EMPTY_BODY = YES;
				CLANG_WARN_ENUM_CONVERSION = YES;
				CLANG_WARN_INFINITE_RECURSION = YES;
				CLANG_WARN_INT_CONVERSION = YES;
				CLANG_WARN_OBJC_ROOT_CLASS = YES_ERROR;
				CLANG_WARN_SUSPICIOUS_MOVES = YES;
				CLANG_WARN_UNREACHABLE_CODE = YES;
				CLANG_WARN__DUPLICATE_METHOD_MATCH = YES;
				"CODE_SIGN_IDENTITY[sdk=iphoneos*]" = "iPhone Developer";
				COPY_PHASE_STRIP = NO;
				DEBUG_INFORMATION_FORMAT = dwarf;
				ENABLE_STRICT_OBJC_MSGSEND = YES;
				ENABLE_TESTABILITY = YES;
				GCC_C_LANGUAGE_STANDARD = gnu99;
				GCC_DYNAMIC_NO_PIC = NO;
				GCC_NO_COMMON_BLOCKS = YES;
				GCC_OPTIMIZATION_LEVEL = 0;
				GCC_PREPROCESSOR_DEFINITIONS = (
					"DEBUG=1",
					"$(inherited)",
				);
				GCC_WARN_64_TO_32_BIT_CONVERSION = YES;
				GCC_WARN_ABOUT_RETURN_TYPE = YES_ERROR;
				GCC_WARN_UNDECLARED_SELECTOR = YES;
				GCC_WARN_UNINITIALIZED_AUTOS = YES_AGGRESSIVE;
				GCC_WARN_UNUSED_FUNCTION = YES;
				GCC_WARN_UNUSED_VARIABLE = YES;
				IPHONEOS_DEPLOYMENT_TARGET = 10.1;
				MTL_ENABLE_DEBUG_INFO = YES;
				ONLY_ACTIVE_ARCH = YES;
				SDKROOT = iphoneos;
				SWIFT_ACTIVE_COMPILATION_CONDITIONS = DEBUG;
				SWIFT_OPTIMIZATION_LEVEL = "-Onone";
				TARGETED_DEVICE_FAMILY = "1,2";
			};
			name = Debug;
		};
		20040C211DE2B9A500A150AB /* Release */ = {
			isa = XCBuildConfiguration;
			buildSettings = {
				ALWAYS_SEARCH_USER_PATHS = NO;
				CLANG_ANALYZER_NONNULL = YES;
				CLANG_CXX_LANGUAGE_STANDARD = "gnu++0x";
				CLANG_CXX_LIBRARY = "libc++";
				CLANG_ENABLE_MODULES = YES;
				CLANG_ENABLE_OBJC_ARC = YES;
				CLANG_WARN_BOOL_CONVERSION = YES;
				CLANG_WARN_CONSTANT_CONVERSION = YES;
				CLANG_WARN_DIRECT_OBJC_ISA_USAGE = YES_ERROR;
				CLANG_WARN_DOCUMENTATION_COMMENTS = YES;
				CLANG_WARN_EMPTY_BODY = YES;
				CLANG_WARN_ENUM_CONVERSION = YES;
				CLANG_WARN_INFINITE_RECURSION = YES;
				CLANG_WARN_INT_CONVERSION = YES;
				CLANG_WARN_OBJC_ROOT_CLASS = YES_ERROR;
				CLANG_WARN_SUSPICIOUS_MOVES = YES;
				CLANG_WARN_UNREACHABLE_CODE = YES;
				CLANG_WARN__DUPLICATE_METHOD_MATCH = YES;
				"CODE_SIGN_IDENTITY[sdk=iphoneos*]" = "iPhone Developer";
				COPY_PHASE_STRIP = NO;
				DEBUG_INFORMATION_FORMAT = "dwarf-with-dsym";
				ENABLE_NS_ASSERTIONS = NO;
				ENABLE_STRICT_OBJC_MSGSEND = YES;
				GCC_C_LANGUAGE_STANDARD = gnu99;
				GCC_NO_COMMON_BLOCKS = YES;
				GCC_WARN_64_TO_32_BIT_CONVERSION = YES;
				GCC_WARN_ABOUT_RETURN_TYPE = YES_ERROR;
				GCC_WARN_UNDECLARED_SELECTOR = YES;
				GCC_WARN_UNINITIALIZED_AUTOS = YES_AGGRESSIVE;
				GCC_WARN_UNUSED_FUNCTION = YES;
				GCC_WARN_UNUSED_VARIABLE = YES;
				IPHONEOS_DEPLOYMENT_TARGET = 10.1;
				MTL_ENABLE_DEBUG_INFO = NO;
				SDKROOT = iphoneos;
				SWIFT_OPTIMIZATION_LEVEL = "-Owholemodule";
				TARGETED_DEVICE_FAMILY = "1,2";
				VALIDATE_PRODUCT = YES;
			};
			name = Release;
		};
		20040C231DE2B9A500A150AB /* Debug */ = {
			isa = XCBuildConfiguration;
			buildSettings = {
				ASSETCATALOG_COMPILER_APPICON_NAME = AppIcon;
				INFOPLIST_FILE = HellowiOS/Info.plist;
				LD_RUNPATH_SEARCH_PATHS = "$(inherited) @executable_path/Frameworks";
				PRODUCT_BUNDLE_IDENTIFIER = jp.sb.test.shinji.uetsuki.HellowiOS;
				PRODUCT_NAME = "$(TARGET_NAME)";
				SWIFT_VERSION = 3.0;
			};
			name = Debug;
		};
		20040C241DE2B9A500A150AB /* Release */ = {
			isa = XCBuildConfiguration;
			buildSettings = {
				ASSETCATALOG_COMPILER_APPICON_NAME = AppIcon;
				INFOPLIST_FILE = HellowiOS/Info.plist;
				LD_RUNPATH_SEARCH_PATHS = "$(inherited) @executable_path/Frameworks";
				PRODUCT_BUNDLE_IDENTIFIER = jp.sb.test.shinji.uetsuki.HellowiOS;
				PRODUCT_NAME = "$(TARGET_NAME)";
				SWIFT_VERSION = 3.0;
			};
			name = Release;
		};
/* End XCBuildConfiguration section */

/* Begin XCConfigurationList section */
		20040C0B1DE2B9A500A150AB /* Build configuration list for PBXProject "HellowiOS" */ = {
			isa = XCConfigurationList;
			buildConfigurations = (
				20040C201DE2B9A500A150AB /* Debug */,
				20040C211DE2B9A500A150AB /* Release */,
			);
			defaultConfigurationIsVisible = 0;
			defaultConfigurationName = Release;
		};
		20040C221DE2B9A500A150AB /* Build configuration list for PBXNativeTarget "HellowiOS" */ = {
			isa = XCConfigurationList;
			buildConfigurations = (
				20040C231DE2B9A500A150AB /* Debug */,
				20040C241DE2B9A500A150AB /* Release */,
			);
			defaultConfigurationIsVisible = 0;
		};
/* End XCConfigurationList section */
	};
	rootObject = 20040C081DE2B9A500A150AB /* Project object */;
}
